# Generated by buf. DO NOT EDIT.
version: v2
deps:
  - name: buf.build/bufbuild/protovalidate
    commit: 52f32327d4b045a79293a6ad4e7e1236
    digest: b5:cbabc98d4b7b7b0447c9b15f68eeb8a7a44ef8516cb386ac5f66e7fd4062cd6723ed3f452ad8c384b851f79e33d26e7f8a94e2b807282b3def1cd966c7eace97
  - name: buf.build/protocolbuffers/wellknowntypes
    commit: f17e05fe4a764a3482b8e033daec742e
    digest: b5:405a06d8a554f01c830c643879f54feffe2087a6927643dc9418403653ff4033227a2ce9b2b19b8ad350a611ef6576b4df109c96e5dfb6164191eb73d779fb21
